
Microsoft Visual Studio Solution File, Format Version 12.00
# Visual Studio Version 16
VisualStudioVersion = 16.0.30114.105
MinimumVisualStudioVersion = 10.0.40219.1
Project("{FAE04EC0-301F-11D3-BF4B-00C04F79EFBC}") = "WinFormApp", "WinFormApp\WinFormApp.csproj", "{E8A2AF78-C333-4DDD-915B-A3D5C9BF7749}"
EndProject
Project("{FAE04EC0-301F-11D3-BF4B-00C04F79EFBC}") = "ClockApp", "ClockApp\ClockApp.csproj", "{F07AEED3-100C-4D0D-9212-0E882BA22670}"
EndProject
Project("{FAE04EC0-301F-11D3-BF4B-00C04F79EFBC}") = "ButtonTestApp", "ButtonTestApp\ButtonTestApp.csproj", "{801318AF-6065-4F88-BAF1-966E4BF8A43B}"
EndProject
Global
	GlobalSection(SolutionConfigurationPlatforms) = preSolution
		Debug|Any CPU = Debug|Any CPU
		Release|Any CPU = Release|Any CPU
	EndGlobalSection
	GlobalSection(ProjectConfigurationPlatforms) = postSolution
		{E8A2AF78-C333-4DDD-915B-A3D5C9BF7749}.Debug|Any CPU.ActiveCfg = Debug|Any CPU
		{E8A2AF78-C333-4DDD-915B-A3D5C9BF7749}.Debug|Any CPU.Build.0 = Debug|Any CPU
		{E8A2AF78-C333-4DDD-915B-A3D5C9BF7749}.Release|Any CPU.ActiveCfg = Release|Any CPU
		{E8A2AF78-C333-4DDD-915B-A3D5C9BF7749}.Release|Any CPU.Build.0 = Release|Any CPU
		{F07AEED3-100C-4D0D-9212-0E882BA22670}.Debug|Any CPU.ActiveCfg = Debug|Any CPU
		{F07AEED3-100C-4D0D-9212-0E882BA22670}.Debug|Any CPU.Build.0 = Debug|Any CPU
		{F07AEED3-100C-4D0D-9212-0E882BA22670}.Release|Any CPU.ActiveCfg = Release|Any CPU
		{F07AEED3-100C-4D0D-9212-0E882BA22670}.Release|Any CPU.Build.0 = Release|Any CPU
		{801318AF-6065-4F88-BAF1-966E4BF8A43B}.Debug|Any CPU.ActiveCfg = Debug|Any CPU
		{801318AF-6065-4F88-BAF1-966E4BF8A43B}.Debug|Any CPU.Build.0 = Debug|Any CPU
		{801318AF-6065-4F88-BAF1-966E4BF8A43B}.Release|Any CPU.ActiveCfg = Release|Any CPU
		{801318AF-6065-4F88-BAF1-966E4BF8A43B}.Release|Any CPU.Build.0 = Release|Any CPU
	EndGlobalSection
	GlobalSection(SolutionProperties) = preSolution
		HideSolutionNode = FALSE
	EndGlobalSection
	GlobalSection(ExtensibilityGlobals) = postSolution
		SolutionGuid = {91826449-B928-4BA5-81D4-E8402BCFB56E}
	EndGlobalSection
EndGlobal
