
Microsoft Visual Studio Solution File, Format Version 12.00
# Visual Studio Version 16
VisualStudioVersion = 16.0.30114.105
MinimumVisualStudioVersion = 10.0.40219.1
Project("{FAE04EC0-301F-11D3-BF4B-00C04F79EFBC}") = "ExceptionTestApp", "ExceptionTestApp\ExceptionTestApp.csproj", "{EDA1EBD8-08D2-4E21-BC53-DD5C01E9B769}"
EndProject
Global
	GlobalSection(SolutionConfigurationPlatforms) = preSolution
		Debug|Any CPU = Debug|Any CPU
		Release|Any CPU = Release|Any CPU
	EndGlobalSection
	GlobalSection(ProjectConfigurationPlatforms) = postSolution
		{EDA1EBD8-08D2-4E21-BC53-DD5C01E9B769}.Debug|Any CPU.ActiveCfg = Debug|Any CPU
		{EDA1EBD8-08D2-4E21-BC53-DD5C01E9B769}.Debug|Any CPU.Build.0 = Debug|Any CPU
		{EDA1EBD8-08D2-4E21-BC53-DD5C01E9B769}.Release|Any CPU.ActiveCfg = Release|Any CPU
		{EDA1EBD8-08D2-4E21-BC53-DD5C01E9B769}.Release|Any CPU.Build.0 = Release|Any CPU
	EndGlobalSection
	GlobalSection(SolutionProperties) = preSolution
		HideSolutionNode = FALSE
	EndGlobalSection
	GlobalSection(ExtensibilityGlobals) = postSolution
		SolutionGuid = {F49B2C5A-CD3F-4A05-AB63-FFEDEFD29AA2}
	EndGlobalSection
EndGlobal
